
Microsoft Visual Studio Solution File, Format Version 12.00
# Visual Studio Version 16
VisualStudioVersion = 16.0.30413.136
MinimumVisualStudioVersion = 10.0.40219.1
Project("{9A19103F-16F7-4668-BE54-9A1E7A4F7556}") = "MISA.CukCuk", "MISA.CukCuk.csproj", "{14FA66AD-BD91-4E49-990F-EB49450E8BDD}"
EndProject
Global
	GlobalSection(SolutionConfigurationPlatforms) = preSolution
		Debug|Any CPU = Debug|Any CPU
		Release|Any CPU = Release|Any CPU
	EndGlobalSection
	GlobalSection(ProjectConfigurationPlatforms) = postSolution
		{14FA66AD-BD91-4E49-990F-EB49450E8BDD}.Debug|Any CPU.ActiveCfg = Debug|Any CPU
		{14FA66AD-BD91-4E49-990F-EB49450E8BDD}.Debug|Any CPU.Build.0 = Debug|Any CPU
		{14FA66AD-BD91-4E49-990F-EB49450E8BDD}.Release|Any CPU.ActiveCfg = Release|Any CPU
		{14FA66AD-BD91-4E49-990F-EB49450E8BDD}.Release|Any CPU.Build.0 = Release|Any CPU
	EndGlobalSection
	GlobalSection(SolutionProperties) = preSolution
		HideSolutionNode = FALSE
	EndGlobalSection
	GlobalSection(ExtensibilityGlobals) = postSolution
		SolutionGuid = {6DD56405-A485-415D-8127-6C839554B0B6}
	EndGlobalSection
EndGlobal
